
Microsoft Visual Studio Solution File, Format Version 12.00
# Visual Studio Version 17
VisualStudioVersion = 17.2.32505.173
MinimumVisualStudioVersion = 10.0.40219.1
Project("{2150E333-8FDC-42A3-9474-1A3956D46DE8}") = "Solution Items", "Solution Items", "{30E7277A-E614-4C30-AD6A-2C945BD30E28}"
	ProjectSection(SolutionItems) = preProject
		Assignments.md = Assignments.md
		Readme.md = Readme.md
	EndProjectSection
EndProject
Project("{9A19103F-16F7-4668-BE54-9A1E7A4F7556}") = "CS_Language_Specs", "CS_Language_Specs\CS_Language_Specs.csproj", "{B3B5E8F8-B0DF-4A19-8893-6C20E26560A1}"
EndProject
Project("{9A19103F-16F7-4668-BE54-9A1E7A4F7556}") = "CS_Collections", "CS_Collections\CS_Collections.csproj", "{BCC90EF7-08F9-4858-A774-3A21B3127C9F}"
EndProject
Project("{9A19103F-16F7-4668-BE54-9A1E7A4F7556}") = "CS_New_Cllections", "CS_New_Cllections\CS_New_Cllections.csproj", "{31D96AFF-A537-4D9F-AEF9-2EC16BD66420}"
EndProject
Project("{9A19103F-16F7-4668-BE54-9A1E7A4F7556}") = "CS_COllection_App", "CS_COllection_App\CS_COllection_App.csproj", "{96393A35-5D87-43FE-9296-4B36240139A8}"
EndProject
Project("{2150E333-8FDC-42A3-9474-1A3956D46DE8}") = "OOPs", "OOPs", "{22230BC0-5834-4A30-8045-02955CE4FF3F}"
EndProject
Project("{9A19103F-16F7-4668-BE54-9A1E7A4F7556}") = "CS_SimpleClass", "CS_SimpleClass\CS_SimpleClass.csproj", "{622C4D29-5069-47AC-A0E8-61D16BADBFCF}"
EndProject
Project("{9A19103F-16F7-4668-BE54-9A1E7A4F7556}") = "CS_OOPs_App", "CS_OOPs_App\CS_OOPs_App.csproj", "{2BD38E15-8C98-498C-AE20-B5C313274A20}"
EndProject
Project("{9A19103F-16F7-4668-BE54-9A1E7A4F7556}") = "CS_Overloading", "CS_Overloading\CS_Overloading.csproj", "{1A05A216-63F6-4FB2-B57E-4DC0165A6FB9}"
EndProject
Project("{9A19103F-16F7-4668-BE54-9A1E7A4F7556}") = "CS_Shadowing", "CS_Shadowing\CS_Shadowing.csproj", "{D6291EA5-1AFA-4094-8138-C72BC4D6B706}"
EndProject
Project("{9A19103F-16F7-4668-BE54-9A1E7A4F7556}") = "CS_Interfaces", "CS_Interfaces\CS_Interfaces.csproj", "{763E518A-EFBA-408A-9367-17F2051CE7A6}"
EndProject
Project("{2150E333-8FDC-42A3-9474-1A3956D46DE8}") = "delegateevents", "delegateevents", "{53E69069-847C-4689-B467-036B4BC85AD4}"
EndProject
Project("{9A19103F-16F7-4668-BE54-9A1E7A4F7556}") = "CS_Delegate", "CS_Delegate\CS_Delegate.csproj", "{C6182888-D4E4-4489-B2AB-7BECB49885EA}"
EndProject
Project("{9A19103F-16F7-4668-BE54-9A1E7A4F7556}") = "CS_Events", "CS_Events\CS_Events.csproj", "{087A3AEA-EFCF-4CB4-A7F4-ED5B9C63D3DA}"
EndProject
Project("{2150E333-8FDC-42A3-9474-1A3956D46DE8}") = "GenericsApps", "GenericsApps", "{E6A30018-6097-4B28-A8BF-E0E0CA39A149}"
EndProject
Project("{9A19103F-16F7-4668-BE54-9A1E7A4F7556}") = "CS_Generics", "CS_Generics\CS_Generics.csproj", "{DF23CCCE-0344-4F1E-AF2F-DC851BFA5830}"
EndProject
Project("{FAE04EC0-301F-11D3-BF4B-00C04F79EFBC}") = "CS_Dictionary", "CS_Dictionary\CS_Dictionary.csproj", "{2B0F2DA1-2823-4BE3-9D0A-3277BC77D786}"
EndProject
Project("{FAE04EC0-301F-11D3-BF4B-00C04F79EFBC}") = "CS_Collection_NetFrwk", "CS_Collection_NetFrwk\CS_Collection_NetFrwk.csproj", "{3AE4DCB4-17B1-493E-B902-DE1E2AA25A35}"
EndProject
Project("{FAE04EC0-301F-11D3-BF4B-00C04F79EFBC}") = "CS_ExtensionMethods", "CS_ExtensionMethods\CS_ExtensionMethods.csproj", "{AB46AE19-00A2-4307-916E-899D255B33BD}"
EndProject
Global
	GlobalSection(SolutionConfigurationPlatforms) = preSolution
		Debug|Any CPU = Debug|Any CPU
		Release|Any CPU = Release|Any CPU
	EndGlobalSection
	GlobalSection(ProjectConfigurationPlatforms) = postSolution
		{B3B5E8F8-B0DF-4A19-8893-6C20E26560A1}.Debug|Any CPU.ActiveCfg = Debug|Any CPU
		{B3B5E8F8-B0DF-4A19-8893-6C20E26560A1}.Debug|Any CPU.Build.0 = Debug|Any CPU
		{B3B5E8F8-B0DF-4A19-8893-6C20E26560A1}.Release|Any CPU.ActiveCfg = Release|Any CPU
		{B3B5E8F8-B0DF-4A19-8893-6C20E26560A1}.Release|Any CPU.Build.0 = Release|Any CPU
		{BCC90EF7-08F9-4858-A774-3A21B3127C9F}.Debug|Any CPU.ActiveCfg = Debug|Any CPU
		{BCC90EF7-08F9-4858-A774-3A21B3127C9F}.Debug|Any CPU.Build.0 = Debug|Any CPU
		{BCC90EF7-08F9-4858-A774-3A21B3127C9F}.Release|Any CPU.ActiveCfg = Release|Any CPU
		{BCC90EF7-08F9-4858-A774-3A21B3127C9F}.Release|Any CPU.Build.0 = Release|Any CPU
		{31D96AFF-A537-4D9F-AEF9-2EC16BD66420}.Debug|Any CPU.ActiveCfg = Debug|Any CPU
		{31D96AFF-A537-4D9F-AEF9-2EC16BD66420}.Debug|Any CPU.Build.0 = Debug|Any CPU
		{31D96AFF-A537-4D9F-AEF9-2EC16BD66420}.Release|Any CPU.ActiveCfg = Release|Any CPU
		{31D96AFF-A537-4D9F-AEF9-2EC16BD66420}.Release|Any CPU.Build.0 = Release|Any CPU
		{96393A35-5D87-43FE-9296-4B36240139A8}.Debug|Any CPU.ActiveCfg = Debug|Any CPU
		{96393A35-5D87-43FE-9296-4B36240139A8}.Debug|Any CPU.Build.0 = Debug|Any CPU
		{96393A35-5D87-43FE-9296-4B36240139A8}.Release|Any CPU.ActiveCfg = Release|Any CPU
		{96393A35-5D87-43FE-9296-4B36240139A8}.Release|Any CPU.Build.0 = Release|Any CPU
		{622C4D29-5069-47AC-A0E8-61D16BADBFCF}.Debug|Any CPU.ActiveCfg = Debug|Any CPU
		{622C4D29-5069-47AC-A0E8-61D16BADBFCF}.Debug|Any CPU.Build.0 = Debug|Any CPU
		{622C4D29-5069-47AC-A0E8-61D16BADBFCF}.Release|Any CPU.ActiveCfg = Release|Any CPU
		{622C4D29-5069-47AC-A0E8-61D16BADBFCF}.Release|Any CPU.Build.0 = Release|Any CPU
		{2BD38E15-8C98-498C-AE20-B5C313274A20}.Debug|Any CPU.ActiveCfg = Debug|Any CPU
		{2BD38E15-8C98-498C-AE20-B5C313274A20}.Debug|Any CPU.Build.0 = Debug|Any CPU
		{2BD38E15-8C98-498C-AE20-B5C313274A20}.Release|Any CPU.ActiveCfg = Release|Any CPU
		{2BD38E15-8C98-498C-AE20-B5C313274A20}.Release|Any CPU.Build.0 = Release|Any CPU
		{1A05A216-63F6-4FB2-B57E-4DC0165A6FB9}.Debug|Any CPU.ActiveCfg = Debug|Any CPU
		{1A05A216-63F6-4FB2-B57E-4DC0165A6FB9}.Debug|Any CPU.Build.0 = Debug|Any CPU
		{1A05A216-63F6-4FB2-B57E-4DC0165A6FB9}.Release|Any CPU.ActiveCfg = Release|Any CPU
		{1A05A216-63F6-4FB2-B57E-4DC0165A6FB9}.Release|Any CPU.Build.0 = Release|Any CPU
		{D6291EA5-1AFA-4094-8138-C72BC4D6B706}.Debug|Any CPU.ActiveCfg = Debug|Any CPU
		{D6291EA5-1AFA-4094-8138-C72BC4D6B706}.Debug|Any CPU.Build.0 = Debug|Any CPU
		{D6291EA5-1AFA-4094-8138-C72BC4D6B706}.Release|Any CPU.ActiveCfg = Release|Any CPU
		{D6291EA5-1AFA-4094-8138-C72BC4D6B706}.Release|Any CPU.Build.0 = Release|Any CPU
		{763E518A-EFBA-408A-9367-17F2051CE7A6}.Debug|Any CPU.ActiveCfg = Debug|Any CPU
		{763E518A-EFBA-408A-9367-17F2051CE7A6}.Debug|Any CPU.Build.0 = Debug|Any CPU
		{763E518A-EFBA-408A-9367-17F2051CE7A6}.Release|Any CPU.ActiveCfg = Release|Any CPU
		{763E518A-EFBA-408A-9367-17F2051CE7A6}.Release|Any CPU.Build.0 = Release|Any CPU
		{C6182888-D4E4-4489-B2AB-7BECB49885EA}.Debug|Any CPU.ActiveCfg = Debug|Any CPU
		{C6182888-D4E4-4489-B2AB-7BECB49885EA}.Debug|Any CPU.Build.0 = Debug|Any CPU
		{C6182888-D4E4-4489-B2AB-7BECB49885EA}.Release|Any CPU.ActiveCfg = Release|Any CPU
		{C6182888-D4E4-4489-B2AB-7BECB49885EA}.Release|Any CPU.Build.0 = Release|Any CPU
		{087A3AEA-EFCF-4CB4-A7F4-ED5B9C63D3DA}.Debug|Any CPU.ActiveCfg = Debug|Any CPU
		{087A3AEA-EFCF-4CB4-A7F4-ED5B9C63D3DA}.Debug|Any CPU.Build.0 = Debug|Any CPU
		{087A3AEA-EFCF-4CB4-A7F4-ED5B9C63D3DA}.Release|Any CPU.ActiveCfg = Release|Any CPU
		{087A3AEA-EFCF-4CB4-A7F4-ED5B9C63D3DA}.Release|Any CPU.Build.0 = Release|Any CPU
		{DF23CCCE-0344-4F1E-AF2F-DC851BFA5830}.Debug|Any CPU.ActiveCfg = Debug|Any CPU
		{DF23CCCE-0344-4F1E-AF2F-DC851BFA5830}.Debug|Any CPU.Build.0 = Debug|Any CPU
		{DF23CCCE-0344-4F1E-AF2F-DC851BFA5830}.Release|Any CPU.ActiveCfg = Release|Any CPU
		{DF23CCCE-0344-4F1E-AF2F-DC851BFA5830}.Release|Any CPU.Build.0 = Release|Any CPU
		{2B0F2DA1-2823-4BE3-9D0A-3277BC77D786}.Debug|Any CPU.ActiveCfg = Debug|Any CPU
		{2B0F2DA1-2823-4BE3-9D0A-3277BC77D786}.Debug|Any CPU.Build.0 = Debug|Any CPU
		{2B0F2DA1-2823-4BE3-9D0A-3277BC77D786}.Release|Any CPU.ActiveCfg = Release|Any CPU
		{2B0F2DA1-2823-4BE3-9D0A-3277BC77D786}.Release|Any CPU.Build.0 = Release|Any CPU
		{3AE4DCB4-17B1-493E-B902-DE1E2AA25A35}.Debug|Any CPU.ActiveCfg = Debug|Any CPU
		{3AE4DCB4-17B1-493E-B902-DE1E2AA25A35}.Debug|Any CPU.Build.0 = Debug|Any CPU
		{3AE4DCB4-17B1-493E-B902-DE1E2AA25A35}.Release|Any CPU.ActiveCfg = Release|Any CPU
		{3AE4DCB4-17B1-493E-B902-DE1E2AA25A35}.Release|Any CPU.Build.0 = Release|Any CPU
		{AB46AE19-00A2-4307-916E-899D255B33BD}.Debug|Any CPU.ActiveCfg = Debug|Any CPU
		{AB46AE19-00A2-4307-916E-899D255B33BD}.Debug|Any CPU.Build.0 = Debug|Any CPU
		{AB46AE19-00A2-4307-916E-899D255B33BD}.Release|Any CPU.ActiveCfg = Release|Any CPU
		{AB46AE19-00A2-4307-916E-899D255B33BD}.Release|Any CPU.Build.0 = Release|Any CPU
	EndGlobalSection
	GlobalSection(SolutionProperties) = preSolution
		HideSolutionNode = FALSE
	EndGlobalSection
	GlobalSection(NestedProjects) = preSolution
		{622C4D29-5069-47AC-A0E8-61D16BADBFCF} = {22230BC0-5834-4A30-8045-02955CE4FF3F}
		{2BD38E15-8C98-498C-AE20-B5C313274A20} = {22230BC0-5834-4A30-8045-02955CE4FF3F}
		{1A05A216-63F6-4FB2-B57E-4DC0165A6FB9} = {22230BC0-5834-4A30-8045-02955CE4FF3F}
		{D6291EA5-1AFA-4094-8138-C72BC4D6B706} = {22230BC0-5834-4A30-8045-02955CE4FF3F}
		{763E518A-EFBA-408A-9367-17F2051CE7A6} = {22230BC0-5834-4A30-8045-02955CE4FF3F}
		{C6182888-D4E4-4489-B2AB-7BECB49885EA} = {53E69069-847C-4689-B467-036B4BC85AD4}
		{087A3AEA-EFCF-4CB4-A7F4-ED5B9C63D3DA} = {53E69069-847C-4689-B467-036B4BC85AD4}
		{DF23CCCE-0344-4F1E-AF2F-DC851BFA5830} = {E6A30018-6097-4B28-A8BF-E0E0CA39A149}
		{2B0F2DA1-2823-4BE3-9D0A-3277BC77D786} = {E6A30018-6097-4B28-A8BF-E0E0CA39A149}
		{3AE4DCB4-17B1-493E-B902-DE1E2AA25A35} = {E6A30018-6097-4B28-A8BF-E0E0CA39A149}
		{AB46AE19-00A2-4307-916E-899D255B33BD} = {E6A30018-6097-4B28-A8BF-E0E0CA39A149}
	EndGlobalSection
	GlobalSection(ExtensibilityGlobals) = postSolution
		SolutionGuid = {95DF4487-E329-4049-91E0-06800EE50DED}
	EndGlobalSection
EndGlobal
