
Microsoft Visual Studio Solution File, Format Version 12.00
# Visual Studio Version 17
VisualStudioVersion = 17.2.32505.173
MinimumVisualStudioVersion = 10.0.40219.1
Project("{2150E333-8FDC-42A3-9474-1A3956D46DE8}") = "Solution Items", "Solution Items", "{30E7277A-E614-4C30-AD6A-2C945BD30E28}"
	ProjectSection(SolutionItems) = preProject
		Assignments.md = Assignments.md
		Readme.md = Readme.md
	EndProjectSection
EndProject
Project("{9A19103F-16F7-4668-BE54-9A1E7A4F7556}") = "CS_Language_Specs", "CS_Language_Specs\CS_Language_Specs.csproj", "{B3B5E8F8-B0DF-4A19-8893-6C20E26560A1}"
EndProject
Project("{9A19103F-16F7-4668-BE54-9A1E7A4F7556}") = "CS_Collections", "CS_Collections\CS_Collections.csproj", "{BCC90EF7-08F9-4858-A774-3A21B3127C9F}"
EndProject
Project("{9A19103F-16F7-4668-BE54-9A1E7A4F7556}") = "CS_New_Cllections", "CS_New_Cllections\CS_New_Cllections.csproj", "{31D96AFF-A537-4D9F-AEF9-2EC16BD66420}"
EndProject
Project("{9A19103F-16F7-4668-BE54-9A1E7A4F7556}") = "CS_COllection_App", "CS_COllection_App\CS_COllection_App.csproj", "{96393A35-5D87-43FE-9296-4B36240139A8}"
EndProject
Project("{2150E333-8FDC-42A3-9474-1A3956D46DE8}") = "OOPs", "OOPs", "{22230BC0-5834-4A30-8045-02955CE4FF3F}"
EndProject
Project("{9A19103F-16F7-4668-BE54-9A1E7A4F7556}") = "CS_SimpleClass", "CS_SimpleClass\CS_SimpleClass.csproj", "{622C4D29-5069-47AC-A0E8-61D16BADBFCF}"
EndProject
Project("{FAE04EC0-301F-11D3-BF4B-00C04F79EFBC}") = "CS_OOPs_App", "CS_OOPs_App\CS_OOPs_App.csproj", "{2BD38E15-8C98-498C-AE20-B5C313274A20}"
EndProject
Global
	GlobalSection(SolutionConfigurationPlatforms) = preSolution
		Debug|Any CPU = Debug|Any CPU
		Release|Any CPU = Release|Any CPU
	EndGlobalSection
	GlobalSection(ProjectConfigurationPlatforms) = postSolution
		{B3B5E8F8-B0DF-4A19-8893-6C20E26560A1}.Debug|Any CPU.ActiveCfg = Debug|Any CPU
		{B3B5E8F8-B0DF-4A19-8893-6C20E26560A1}.Debug|Any CPU.Build.0 = Debug|Any CPU
		{B3B5E8F8-B0DF-4A19-8893-6C20E26560A1}.Release|Any CPU.ActiveCfg = Release|Any CPU
		{B3B5E8F8-B0DF-4A19-8893-6C20E26560A1}.Release|Any CPU.Build.0 = Release|Any CPU
		{BCC90EF7-08F9-4858-A774-3A21B3127C9F}.Debug|Any CPU.ActiveCfg = Debug|Any CPU
		{BCC90EF7-08F9-4858-A774-3A21B3127C9F}.Debug|Any CPU.Build.0 = Debug|Any CPU
		{BCC90EF7-08F9-4858-A774-3A21B3127C9F}.Release|Any CPU.ActiveCfg = Release|Any CPU
		{BCC90EF7-08F9-4858-A774-3A21B3127C9F}.Release|Any CPU.Build.0 = Release|Any CPU
		{31D96AFF-A537-4D9F-AEF9-2EC16BD66420}.Debug|Any CPU.ActiveCfg = Debug|Any CPU
		{31D96AFF-A537-4D9F-AEF9-2EC16BD66420}.Debug|Any CPU.Build.0 = Debug|Any CPU
		{31D96AFF-A537-4D9F-AEF9-2EC16BD66420}.Release|Any CPU.ActiveCfg = Release|Any CPU
		{31D96AFF-A537-4D9F-AEF9-2EC16BD66420}.Release|Any CPU.Build.0 = Release|Any CPU
		{96393A35-5D87-43FE-9296-4B36240139A8}.Debug|Any CPU.ActiveCfg = Debug|Any CPU
		{96393A35-5D87-43FE-9296-4B36240139A8}.Debug|Any CPU.Build.0 = Debug|Any CPU
		{96393A35-5D87-43FE-9296-4B36240139A8}.Release|Any CPU.ActiveCfg = Release|Any CPU
		{96393A35-5D87-43FE-9296-4B36240139A8}.Release|Any CPU.Build.0 = Release|Any CPU
		{622C4D29-5069-47AC-A0E8-61D16BADBFCF}.Debug|Any CPU.ActiveCfg = Debug|Any CPU
		{622C4D29-5069-47AC-A0E8-61D16BADBFCF}.Debug|Any CPU.Build.0 = Debug|Any CPU
		{622C4D29-5069-47AC-A0E8-61D16BADBFCF}.Release|Any CPU.ActiveCfg = Release|Any CPU
		{622C4D29-5069-47AC-A0E8-61D16BADBFCF}.Release|Any CPU.Build.0 = Release|Any CPU
		{2BD38E15-8C98-498C-AE20-B5C313274A20}.Debug|Any CPU.ActiveCfg = Debug|Any CPU
		{2BD38E15-8C98-498C-AE20-B5C313274A20}.Debug|Any CPU.Build.0 = Debug|Any CPU
		{2BD38E15-8C98-498C-AE20-B5C313274A20}.Release|Any CPU.ActiveCfg = Release|Any CPU
		{2BD38E15-8C98-498C-AE20-B5C313274A20}.Release|Any CPU.Build.0 = Release|Any CPU
	EndGlobalSection
	GlobalSection(SolutionProperties) = preSolution
		HideSolutionNode = FALSE
	EndGlobalSection
	GlobalSection(NestedProjects) = preSolution
		{622C4D29-5069-47AC-A0E8-61D16BADBFCF} = {22230BC0-5834-4A30-8045-02955CE4FF3F}
		{2BD38E15-8C98-498C-AE20-B5C313274A20} = {22230BC0-5834-4A30-8045-02955CE4FF3F}
	EndGlobalSection
	GlobalSection(ExtensibilityGlobals) = postSolution
		SolutionGuid = {95DF4487-E329-4049-91E0-06800EE50DED}
	EndGlobalSection
EndGlobal
